// !$*UTF8*$!
{
	archiveVersion = 1;
	classes = {
	};
	objectVersion = 48;
	objects = {

/* Begin PBXBuildFile section */
		3FC98FDF222B9D440034D51E /* AppDelegate.swift in Sources */ = {isa = PBXBuildFile; fileRef = 3FC98FDE222B9D440034D51E /* AppDelegate.swift */; };
		3FC98FE1222B9D440034D51E /* ViewController.swift in Sources */ = {isa = PBXBuildFile; fileRef = 3FC98FE0222B9D440034D51E /* ViewController.swift */; };
		3FC98FE4222B9D440034D51E /* Main.storyboard in Resources */ = {isa = PBXBuildFile; fileRef = 3FC98FE2222B9D440034D51E /* Main.storyboard */; };
		3FC98FE6222B9D440034D51E /* Assets.xcassets in Resources */ = {isa = PBXBuildFile; fileRef = 3FC98FE5222B9D440034D51E /* Assets.xcassets */; };
		3FC98FE9222B9D440034D51E /* LaunchScreen.storyboard in Resources */ = {isa = PBXBuildFile; fileRef = 3FC98FE7222B9D440034D51E /* LaunchScreen.storyboard */; };
		3FC98FF4222BA2EE0034D51E /* User.swift in Sources */ = {isa = PBXBuildFile; fileRef = 3FC98FF3222BA2EE0034D51E /* User.swift */; };
		3FC98FF6222BA6130034D51E /* UserTableViewCell.swift in Sources */ = {isa = PBXBuildFile; fileRef = 3FC98FF5222BA6130034D51E /* UserTableViewCell.swift */; };
		3FC98FF8222BAE5C0034D51E /* ApiManager.swift in Sources */ = {isa = PBXBuildFile; fileRef = 3FC98FF7222BAE5C0034D51E /* ApiManager.swift */; };
		3FC98FFA222C03250034D51E /* DetailsViewController.swift in Sources */ = {isa = PBXBuildFile; fileRef = 3FC98FF9222C03250034D51E /* DetailsViewController.swift */; };
/* End PBXBuildFile section */

/* Begin PBXFileReference section */
		3FC98FDB222B9D440034D51E /* designPattern.app */ = {isa = PBXFileReference; explicitFileType = wrapper.application; includeInIndex = 0; path = designPattern.app; sourceTree = BUILT_PRODUCTS_DIR; };
		3FC98FDE222B9D440034D51E /* AppDelegate.swift */ = {isa = PBXFileReference; lastKnownFileType = sourcecode.swift; path = AppDelegate.swift; sourceTree = "<group>"; };
		3FC98FE0222B9D440034D51E /* ViewController.swift */ = {isa = PBXFileReference; lastKnownFileType = sourcecode.swift; path = ViewController.swift; sourceTree = "<group>"; };
		3FC98FE3222B9D440034D51E /* Base */ = {isa = PBXFileReference; lastKnownFileType = file.storyboard; name = Base; path = Base.lproj/Main.storyboard; sourceTree = "<group>"; };
		3FC98FE5222B9D440034D51E /* Assets.xcassets */ = {isa = PBXFileReference; lastKnownFileType = folder.assetcatalog; path = Assets.xcassets; sourceTree = "<group>"; };
		3FC98FE8222B9D440034D51E /* Base */ = {isa = PBXFileReference; lastKnownFileType = file.storyboard; name = Base; path = Base.lproj/LaunchScreen.storyboard; sourceTree = "<group>"; };
		3FC98FEA222B9D440034D51E /* Info.plist */ = {isa = PBXFileReference; lastKnownFileType = text.plist.xml; path = Info.plist; sourceTree = "<group>"; };
		3FC98FF3222BA2EE0034D51E /* User.swift */ = {isa = PBXFileReference; lastKnownFileType = sourcecode.swift; path = User.swift; sourceTree = "<group>"; };
		3FC98FF5222BA6130034D51E /* UserTableViewCell.swift */ = {isa = PBXFileReference; lastKnownFileType = sourcecode.swift; path = UserTableViewCell.swift; sourceTree = "<group>"; };
		3FC98FF7222BAE5C0034D51E /* ApiManager.swift */ = {isa = PBXFileReference; lastKnownFileType = sourcecode.swift; path = ApiManager.swift; sourceTree = "<group>"; };
		3FC98FF9222C03250034D51E /* DetailsViewController.swift */ = {isa = PBXFileReference; lastKnownFileType = sourcecode.swift; path = DetailsViewController.swift; sourceTree = "<group>"; };
/* End PBXFileReference section */

/* Begin PBXFrameworksBuildPhase section */
		3FC98FD8222B9D440034D51E /* Frameworks */ = {
			isa = PBXFrameworksBuildPhase;
			buildActionMask = 2147483647;
			files = (
			);
			runOnlyForDeploymentPostprocessing = 0;
		};
/* End PBXFrameworksBuildPhase section */

/* Begin PBXGroup section */
		3FC98FD2222B9D440034D51E = {
			isa = PBXGroup;
			children = (
				3FC98FDD222B9D440034D51E /* designPattern */,
				3FC98FDC222B9D440034D51E /* Products */,
			);
			sourceTree = "<group>";
		};
		3FC98FDC222B9D440034D51E /* Products */ = {
			isa = PBXGroup;
			children = (
				3FC98FDB222B9D440034D51E /* designPattern.app */,
			);
			name = Products;
			sourceTree = "<group>";
		};
		3FC98FDD222B9D440034D51E /* designPattern */ = {
			isa = PBXGroup;
			children = (
				3FC98FDE222B9D440034D51E /* AppDelegate.swift */,
				3FC98FF0222BA1130034D51E /* Model */,
				3FC98FF2222BA13A0034D51E /* View */,
				3FC98FF1222BA12E0034D51E /* ViewModel */,
				3FC98FE2222B9D440034D51E /* Main.storyboard */,
				3FC98FE5222B9D440034D51E /* Assets.xcassets */,
				3FC98FE7222B9D440034D51E /* LaunchScreen.storyboard */,
				3FC98FEA222B9D440034D51E /* Info.plist */,
			);
			path = designPattern;
			sourceTree = "<group>";
		};
		3FC98FF0222BA1130034D51E /* Model */ = {
			isa = PBXGroup;
			children = (
				3FC98FF3222BA2EE0034D51E /* User.swift */,
				3FC98FF7222BAE5C0034D51E /* ApiManager.swift */,
			);
			path = Model;
			sourceTree = "<group>";
		};
		3FC98FF1222BA12E0034D51E /* ViewModel */ = {
			isa = PBXGroup;
			children = (
				3FC98FE0222B9D440034D51E /* ViewController.swift */,
				3FC98FF9222C03250034D51E /* DetailsViewController.swift */,
			);
			path = ViewModel;
			sourceTree = "<group>";
		};
		3FC98FF2222BA13A0034D51E /* View */ = {
			isa = PBXGroup;
			children = (
				3FC98FF5222BA6130034D51E /* UserTableViewCell.swift */,
			);
			path = View;
			sourceTree = "<group>";
		};
/* End PBXGroup section */

/* Begin PBXNativeTarget section */
		3FC98FDA222B9D440034D51E /* designPattern */ = {
			isa = PBXNativeTarget;
			buildConfigurationList = 3FC98FED222B9D440034D51E /* Build configuration list for PBXNativeTarget "designPattern" */;
			buildPhases = (
				3FC98FD7222B9D440034D51E /* Sources */,
				3FC98FD8222B9D440034D51E /* Frameworks */,
				3FC98FD9222B9D440034D51E /* Resources */,
			);
			buildRules = (
			);
			dependencies = (
			);
			name = designPattern;
			productName = designPattern;
			productReference = 3FC98FDB222B9D440034D51E /* designPattern.app */;
			productType = "com.apple.product-type.application";
		};
/* End PBXNativeTarget section */

/* Begin PBXProject section */
		3FC98FD3222B9D440034D51E /* Project object */ = {
			isa = PBXProject;
			attributes = {
				LastSwiftUpdateCheck = 0920;
				LastUpgradeCheck = 0920;
				ORGANIZATIONNAME = "Priyanka Sen";
				TargetAttributes = {
					3FC98FDA222B9D440034D51E = {
						CreatedOnToolsVersion = 9.2;
						ProvisioningStyle = Automatic;
					};
				};
			};
			buildConfigurationList = 3FC98FD6222B9D440034D51E /* Build configuration list for PBXProject "designPattern" */;
			compatibilityVersion = "Xcode 8.0";
			developmentRegion = en;
			hasScannedForEncodings = 0;
			knownRegions = (
				en,
				Base,
			);
			mainGroup = 3FC98FD2222B9D440034D51E;
			productRefGroup = 3FC98FDC222B9D440034D51E /* Products */;
			projectDirPath = "";
			projectRoot = "";
			targets = (
				3FC98FDA222B9D440034D51E /* designPattern */,
			);
		};
/* End PBXProject section */

/* Begin PBXResourcesBuildPhase section */
		3FC98FD9222B9D440034D51E /* Resources */ = {
			isa = PBXResourcesBuildPhase;
			buildActionMask = 2147483647;
			files = (
				3FC98FE9222B9D440034D51E /* LaunchScreen.storyboard in Resources */,
				3FC98FE6222B9D440034D51E /* Assets.xcassets in Resources */,
				3FC98FE4222B9D440034D51E /* Main.storyboard in Resources */,
			);
			runOnlyForDeploymentPostprocessing = 0;
		};
/* End PBXResourcesBuildPhase section */

/* Begin PBXSourcesBuildPhase section */
		3FC98FD7222B9D440034D51E /* Sources */ = {
			isa = PBXSourcesBuildPhase;
			buildActionMask = 2147483647;
			files = (
				3FC98FF6222BA6130034D51E /* UserTableViewCell.swift in Sources */,
				3FC98FE1222B9D440034D51E /* ViewController.swift in Sources */,
				3FC98FF8222BAE5C0034D51E /* ApiManager.swift in Sources */,
				3FC98FDF222B9D440034D51E /* AppDelegate.swift in Sources */,
				3FC98FF4222BA2EE0034D51E /* User.swift in Sources */,
				3FC98FFA222C03250034D51E /* DetailsViewController.swift in Sources */,
			);
			runOnlyForDeploymentPostprocessing = 0;
		};
/* End PBXSourcesBuildPhase section */

/* Begin PBXVariantGroup section */
		3FC98FE2222B9D440034D51E /* Main.storyboard */ = {
			isa = PBXVariantGroup;
			children = (
				3FC98FE3222B9D440034D51E /* Base */,
			);
			name = Main.storyboard;
			sourceTree = "<group>";
		};
		3FC98FE7222B9D440034D51E /* LaunchScreen.storyboard */ = {
			isa = PBXVariantGroup;
			children = (
				3FC98FE8222B9D440034D51E /* Base */,
			);
			name = LaunchScreen.storyboard;
			sourceTree = "<group>";
		};
/* End PBXVariantGroup section */

/* Begin XCBuildConfiguration section */
		3FC98FEB222B9D440034D51E /* Debug */ = {
			isa = XCBuildConfiguration;
			buildSettings = {
				ALWAYS_SEARCH_USER_PATHS = NO;
				CLANG_ANALYZER_NONNULL = YES;
				CLANG_ANALYZER_NUMBER_OBJECT_CONVERSION = YES_AGGRESSIVE;
				CLANG_CXX_LANGUAGE_STANDARD = "gnu++14";
				CLANG_CXX_LIBRARY = "libc++";
				CLANG_ENABLE_MODULES = YES;
				CLANG_ENABLE_OBJC_ARC = YES;
				CLANG_WARN_BLOCK_CAPTURE_AUTORELEASING = YES;
				CLANG_WARN_BOOL_CONVERSION = YES;
				CLANG_WARN_COMMA = YES;
				CLANG_WARN_CONSTANT_CONVERSION = YES;
				CLANG_WARN_DIRECT_OBJC_ISA_USAGE = YES_ERROR;
				CLANG_WARN_DOCUMENTATION_COMMENTS = YES;
				CLANG_WARN_EMPTY_BODY = YES;
				CLANG_WARN_ENUM_CONVERSION = YES;
				CLANG_WARN_INFINITE_RECURSION = YES;
				CLANG_WARN_INT_CONVERSION = YES;
				CLANG_WARN_NON_LITERAL_NULL_CONVERSION = YES;
				CLANG_WARN_OBJC_LITERAL_CONVERSION = YES;
				CLANG_WARN_OBJC_ROOT_CLASS = YES_ERROR;
				CLANG_WARN_RANGE_LOOP_ANALYSIS = YES;
				CLANG_WARN_STRICT_PROTOTYPES = YES;
				CLANG_WARN_SUSPICIOUS_MOVE = YES;
				CLANG_WARN_UNGUARDED_AVAILABILITY = YES_AGGRESSIVE;
				CLANG_WARN_UNREACHABLE_CODE = YES;
				CLANG_WARN__DUPLICATE_METHOD_MATCH = YES;
				CODE_SIGN_IDENTITY = "iPhone Developer";
				COPY_PHASE_STRIP = NO;
				DEBUG_INFORMATION_FORMAT = dwarf;
				ENABLE_STRICT_OBJC_MSGSEND = YES;
				ENABLE_TESTABILITY = YES;
				GCC_C_LANGUAGE_STANDARD = gnu11;
				GCC_DYNAMIC_NO_PIC = NO;
				GCC_NO_COMMON_BLOCKS = YES;
				GCC_OPTIMIZATION_LEVEL = 0;
				GCC_PREPROCESSOR_DEFINITIONS = (
					"DEBUG=1",
					"$(inherited)",
				);
				GCC_WARN_64_TO_32_BIT_CONVERSION = YES;
				GCC_WARN_ABOUT_RETURN_TYPE = YES_ERROR;
				GCC_WARN_UNDECLARED_SELECTOR = YES;
				GCC_WARN_UNINITIALIZED_AUTOS = YES_AGGRESSIVE;
				GCC_WARN_UNUSED_FUNCTION = YES;
				GCC_WARN_UNUSED_VARIABLE = YES;
				IPHONEOS_DEPLOYMENT_TARGET = 11.2;
				MTL_ENABLE_DEBUG_INFO = YES;
				ONLY_ACTIVE_ARCH = YES;
				SDKROOT = iphoneos;
				SWIFT_ACTIVE_COMPILATION_CONDITIONS = DEBUG;
				SWIFT_OPTIMIZATION_LEVEL = "-Onone";
			};
			name = Debug;
		};
		3FC98FEC222B9D440034D51E /* Release */ = {
			isa = XCBuildConfiguration;
			buildSettings = {
				ALWAYS_SEARCH_USER_PATHS = NO;
				CLANG_ANALYZER_NONNULL = YES;
				CLANG_ANALYZER_NUMBER_OBJECT_CONVERSION = YES_AGGRESSIVE;
				CLANG_CXX_LANGUAGE_STANDARD = "gnu++14";
				CLANG_CXX_LIBRARY = "libc++";
				CLANG_ENABLE_MODULES = YES;
				CLANG_ENABLE_OBJC_ARC = YES;
				CLANG_WARN_BLOCK_CAPTURE_AUTORELEASING = YES;
				CLANG_WARN_BOOL_CONVERSION = YES;
				CLANG_WARN_COMMA = YES;
				CLANG_WARN_CONSTANT_CONVERSION = YES;
				CLANG_WARN_DIRECT_OBJC_ISA_USAGE = YES_ERROR;
				CLANG_WARN_DOCUMENTATION_COMMENTS = YES;
				CLANG_WARN_EMPTY_BODY = YES;
				CLANG_WARN_ENUM_CONVERSION = YES;
				CLANG_WARN_INFINITE_RECURSION = YES;
				CLANG_WARN_INT_CONVERSION = YES;
				CLANG_WARN_NON_LITERAL_NULL_CONVERSION = YES;
				CLANG_WARN_OBJC_LITERAL_CONVERSION = YES;
				CLANG_WARN_OBJC_ROOT_CLASS = YES_ERROR;
				CLANG_WARN_RANGE_LOOP_ANALYSIS = YES;
				CLANG_WARN_STRICT_PROTOTYPES = YES;
				CLANG_WARN_SUSPICIOUS_MOVE = YES;
				CLANG_WARN_UNGUARDED_AVAILABILITY = YES_AGGRESSIVE;
				CLANG_WARN_UNREACHABLE_CODE = YES;
				CLANG_WARN__DUPLICATE_METHOD_MATCH = YES;
				CODE_SIGN_IDENTITY = "iPhone Developer";
				COPY_PHASE_STRIP = NO;
				DEBUG_INFORMATION_FORMAT = "dwarf-with-dsym";
				ENABLE_NS_ASSERTIONS = NO;
				ENABLE_STRICT_OBJC_MSGSEND = YES;
				GCC_C_LANGUAGE_STANDARD = gnu11;
				GCC_NO_COMMON_BLOCKS = YES;
				GCC_WARN_64_TO_32_BIT_CONVERSION = YES;
				GCC_WARN_ABOUT_RETURN_TYPE = YES_ERROR;
				GCC_WARN_UNDECLARED_SELECTOR = YES;
				GCC_WARN_UNINITIALIZED_AUTOS = YES_AGGRESSIVE;
				GCC_WARN_UNUSED_FUNCTION = YES;
				GCC_WARN_UNUSED_VARIABLE = YES;
				IPHONEOS_DEPLOYMENT_TARGET = 11.2;
				MTL_ENABLE_DEBUG_INFO = NO;
				SDKROOT = iphoneos;
				SWIFT_OPTIMIZATION_LEVEL = "-Owholemodule";
				VALIDATE_PRODUCT = YES;
			};
			name = Release;
		};
		3FC98FEE222B9D440034D51E /* Debug */ = {
			isa = XCBuildConfiguration;
			buildSettings = {
				ASSETCATALOG_COMPILER_APPICON_NAME = AppIcon;
				CODE_SIGN_STYLE = Automatic;
				DEVELOPMENT_TEAM = F5858NLX3E;
				INFOPLIST_FILE = designPattern/Info.plist;
				LD_RUNPATH_SEARCH_PATHS = "$(inherited) @executable_path/Frameworks";
				PRODUCT_BUNDLE_IDENTIFIER = com.priyanka.designPattern;
				PRODUCT_NAME = "$(TARGET_NAME)";
				SWIFT_VERSION = 4.0;
				TARGETED_DEVICE_FAMILY = "1,2";
			};
			name = Debug;
		};
		3FC98FEF222B9D440034D51E /* Release */ = {
			isa = XCBuildConfiguration;
			buildSettings = {
				ASSETCATALOG_COMPILER_APPICON_NAME = AppIcon;
				CODE_SIGN_STYLE = Automatic;
				DEVELOPMENT_TEAM = F5858NLX3E;
				INFOPLIST_FILE = designPattern/Info.plist;
				LD_RUNPATH_SEARCH_PATHS = "$(inherited) @executable_path/Frameworks";
				PRODUCT_BUNDLE_IDENTIFIER = com.priyanka.designPattern;
				PRODUCT_NAME = "$(TARGET_NAME)";
				SWIFT_VERSION = 4.0;
				TARGETED_DEVICE_FAMILY = "1,2";
			};
			name = Release;
		};
/* End XCBuildConfiguration section */

/* Begin XCConfigurationList section */
		3FC98FD6222B9D440034D51E /* Build configuration list for PBXProject "designPattern" */ = {
			isa = XCConfigurationList;
			buildConfigurations = (
				3FC98FEB222B9D440034D51E /* Debug */,
				3FC98FEC222B9D440034D51E /* Release */,
			);
			defaultConfigurationIsVisible = 0;
			defaultConfigurationName = Release;
		};
		3FC98FED222B9D440034D51E /* Build configuration list for PBXNativeTarget "designPattern" */ = {
			isa = XCConfigurationList;
			buildConfigurations = (
				3FC98FEE222B9D440034D51E /* Debug */,
				3FC98FEF222B9D440034D51E /* Release */,
			);
			defaultConfigurationIsVisible = 0;
			defaultConfigurationName = Release;
		};
/* End XCConfigurationList section */
	};
	rootObject = 3FC98FD3222B9D440034D51E /* Project object */;
}
